[dependencies]
  [dependencies.example_basic_k8s]
    name = "example_basic_k8s"
    full_name = "example_basic_k8s_0.0.7"
    version = "0.0.7"
    sum = "q+V5CIypJG/0OtaRwT9rhMUxcQcOCUhnHiA3gG9aIw0="
    reg = "ghcr.io"
    repo = "segoja7/example_basic_k8s"
    oci_tag = "0.0.7"
  [dependencies.k8s]
    name = "k8s"
    full_name = "k8s_1.32.4"
    version = "1.32.4"
    sum = "WrltC/mTXtdzmhBZxlvM71wJL5C/UZ/vW+bF3nFvNbM="
    reg = "ghcr.io"
    repo = "kcl-lang/k8s"
    oci_tag = "1.32.4"
